// !$*UTF8*$!
{
	archiveVersion = 1;
	classes = {
	};
	objectVersion = 50;
	objects = {

/* Begin PBXBuildFile section */
		A9731D3F218AD36C00CEE849 /* AppDelegate.swift in Sources */ = {isa = PBXBuildFile; fileRef = A9731D3E218AD36C00CEE849 /* AppDelegate.swift */; };
		A9731D44218AD36C00CEE849 /* Main.storyboard in Resources */ = {isa = PBXBuildFile; fileRef = A9731D42218AD36C00CEE849 /* Main.storyboard */; };
		A9731D46218AD36E00CEE849 /* Assets.xcassets in Resources */ = {isa = PBXBuildFile; fileRef = A9731D45218AD36E00CEE849 /* Assets.xcassets */; };
		A9731D49218AD36E00CEE849 /* LaunchScreen.storyboard in Resources */ = {isa = PBXBuildFile; fileRef = A9731D47218AD36E00CEE849 /* LaunchScreen.storyboard */; };
		A9731D51218AD79000CEE849 /* DoItVC.swift in Sources */ = {isa = PBXBuildFile; fileRef = A9731D50218AD79000CEE849 /* DoItVC.swift */; };
		A9731D57218AD84A00CEE849 /* ListItVC.swift in Sources */ = {isa = PBXBuildFile; fileRef = A9731D56218AD84A00CEE849 /* ListItVC.swift */; };
		D4392976C2620FD2ED12F78A /* Pods_List_it_Do_it.framework in Frameworks */ = {isa = PBXBuildFile; fileRef = 0BA4D35549D697CC79B2A75E /* Pods_List_it_Do_it.framework */; };
/* End PBXBuildFile section */

/* Begin PBXFileReference section */
		0BA4D35549D697CC79B2A75E /* Pods_List_it_Do_it.framework */ = {isa = PBXFileReference; explicitFileType = wrapper.framework; includeInIndex = 0; path = Pods_List_it_Do_it.framework; sourceTree = BUILT_PRODUCTS_DIR; };
		1070BB87126789B81C26902F /* Pods-List it Do it.release.xcconfig */ = {isa = PBXFileReference; includeInIndex = 1; lastKnownFileType = text.xcconfig; name = "Pods-List it Do it.release.xcconfig"; path = "Pods/Target Support Files/Pods-List it Do it/Pods-List it Do it.release.xcconfig"; sourceTree = "<group>"; };
		A9731D3B218AD36C00CEE849 /* List it Do it.app */ = {isa = PBXFileReference; explicitFileType = wrapper.application; includeInIndex = 0; path = "List it Do it.app"; sourceTree = BUILT_PRODUCTS_DIR; };
		A9731D3E218AD36C00CEE849 /* AppDelegate.swift */ = {isa = PBXFileReference; lastKnownFileType = sourcecode.swift; path = AppDelegate.swift; sourceTree = "<group>"; };
		A9731D43218AD36C00CEE849 /* Base */ = {isa = PBXFileReference; lastKnownFileType = file.storyboard; name = Base; path = Base.lproj/Main.storyboard; sourceTree = "<group>"; };
		A9731D45218AD36E00CEE849 /* Assets.xcassets */ = {isa = PBXFileReference; lastKnownFileType = folder.assetcatalog; path = Assets.xcassets; sourceTree = "<group>"; };
		A9731D48218AD36E00CEE849 /* Base */ = {isa = PBXFileReference; lastKnownFileType = file.storyboard; name = Base; path = Base.lproj/LaunchScreen.storyboard; sourceTree = "<group>"; };
		A9731D4A218AD36E00CEE849 /* Info.plist */ = {isa = PBXFileReference; lastKnownFileType = text.plist.xml; path = Info.plist; sourceTree = "<group>"; };
		A9731D50218AD79000CEE849 /* DoItVC.swift */ = {isa = PBXFileReference; lastKnownFileType = sourcecode.swift; path = DoItVC.swift; sourceTree = "<group>"; };
		A9731D56218AD84A00CEE849 /* ListItVC.swift */ = {isa = PBXFileReference; lastKnownFileType = sourcecode.swift; path = ListItVC.swift; sourceTree = "<group>"; };
		D46F2524633FA0DED3CC2C37 /* Pods-List it Do it.debug.xcconfig */ = {isa = PBXFileReference; includeInIndex = 1; lastKnownFileType = text.xcconfig; name = "Pods-List it Do it.debug.xcconfig"; path = "Pods/Target Support Files/Pods-List it Do it/Pods-List it Do it.debug.xcconfig"; sourceTree = "<group>"; };
/* End PBXFileReference section */

/* Begin PBXFrameworksBuildPhase section */
		A9731D38218AD36C00CEE849 /* Frameworks */ = {
			isa = PBXFrameworksBuildPhase;
			buildActionMask = 2147483647;
			files = (
				D4392976C2620FD2ED12F78A /* Pods_List_it_Do_it.framework in Frameworks */,
			);
			runOnlyForDeploymentPostprocessing = 0;
		};
/* End PBXFrameworksBuildPhase section */

/* Begin PBXGroup section */
		64506CB20347D3EB69C4FBA2 /* Frameworks */ = {
			isa = PBXGroup;
			children = (
				0BA4D35549D697CC79B2A75E /* Pods_List_it_Do_it.framework */,
			);
			name = Frameworks;
			sourceTree = "<group>";
		};
		8840AC983778A36437A7F63C /* Pods */ = {
			isa = PBXGroup;
			children = (
				D46F2524633FA0DED3CC2C37 /* Pods-List it Do it.debug.xcconfig */,
				1070BB87126789B81C26902F /* Pods-List it Do it.release.xcconfig */,
			);
			name = Pods;
			sourceTree = "<group>";
		};
		A9731D32218AD36C00CEE849 = {
			isa = PBXGroup;
			children = (
				A9731D3D218AD36C00CEE849 /* List it Do it */,
				A9731D3C218AD36C00CEE849 /* Products */,
				8840AC983778A36437A7F63C /* Pods */,
				64506CB20347D3EB69C4FBA2 /* Frameworks */,
			);
			sourceTree = "<group>";
		};
		A9731D3C218AD36C00CEE849 /* Products */ = {
			isa = PBXGroup;
			children = (
				A9731D3B218AD36C00CEE849 /* List it Do it.app */,
			);
			name = Products;
			sourceTree = "<group>";
		};
		A9731D3D218AD36C00CEE849 /* List it Do it */ = {
			isa = PBXGroup;
			children = (
				A9731D55218AD7F100CEE849 /* Model */,
				A9731D53218AD7BB00CEE849 /* View */,
				A9731D52218AD79700CEE849 /* Controller */,
				A9731D54218AD7D500CEE849 /* Supporting Files */,
			);
			path = "List it Do it";
			sourceTree = "<group>";
		};
		A9731D52218AD79700CEE849 /* Controller */ = {
			isa = PBXGroup;
			children = (
				A9731D3E218AD36C00CEE849 /* AppDelegate.swift */,
				A9731D56218AD84A00CEE849 /* ListItVC.swift */,
				A9731D50218AD79000CEE849 /* DoItVC.swift */,
			);
			path = Controller;
			sourceTree = "<group>";
		};
		A9731D53218AD7BB00CEE849 /* View */ = {
			isa = PBXGroup;
			children = (
				A9731D47218AD36E00CEE849 /* LaunchScreen.storyboard */,
				A9731D42218AD36C00CEE849 /* Main.storyboard */,
			);
			path = View;
			sourceTree = "<group>";
		};
		A9731D54218AD7D500CEE849 /* Supporting Files */ = {
			isa = PBXGroup;
			children = (
				A9731D45218AD36E00CEE849 /* Assets.xcassets */,
				A9731D4A218AD36E00CEE849 /* Info.plist */,
			);
			path = "Supporting Files";
			sourceTree = "<group>";
		};
		A9731D55218AD7F100CEE849 /* Model */ = {
			isa = PBXGroup;
			children = (
			);
			path = Model;
			sourceTree = "<group>";
		};
/* End PBXGroup section */

/* Begin PBXNativeTarget section */
		A9731D3A218AD36C00CEE849 /* List it Do it */ = {
			isa = PBXNativeTarget;
			buildConfigurationList = A9731D4D218AD36E00CEE849 /* Build configuration list for PBXNativeTarget "List it Do it" */;
			buildPhases = (
				807267482A9045834E6471FE /* [CP] Check Pods Manifest.lock */,
				A9731D37218AD36C00CEE849 /* Sources */,
				A9731D38218AD36C00CEE849 /* Frameworks */,
				A9731D39218AD36C00CEE849 /* Resources */,
				29BCA3708EE6393845496220 /* [CP] Embed Pods Frameworks */,
			);
			buildRules = (
			);
			dependencies = (
			);
			name = "List it Do it";
			productName = "List it Do it";
			productReference = A9731D3B218AD36C00CEE849 /* List it Do it.app */;
			productType = "com.apple.product-type.application";
		};
/* End PBXNativeTarget section */

/* Begin PBXProject section */
		A9731D33218AD36C00CEE849 /* Project object */ = {
			isa = PBXProject;
			attributes = {
				LastSwiftUpdateCheck = 1000;
				LastUpgradeCheck = 1000;
				ORGANIZATIONNAME = "Osman Dönmez";
				TargetAttributes = {
					A9731D3A218AD36C00CEE849 = {
						CreatedOnToolsVersion = 10.0;
					};
				};
			};
			buildConfigurationList = A9731D36218AD36C00CEE849 /* Build configuration list for PBXProject "List it Do it" */;
			compatibilityVersion = "Xcode 9.3";
			developmentRegion = en;
			hasScannedForEncodings = 0;
			knownRegions = (
				en,
				Base,
			);
			mainGroup = A9731D32218AD36C00CEE849;
			productRefGroup = A9731D3C218AD36C00CEE849 /* Products */;
			projectDirPath = "";
			projectRoot = "";
			targets = (
				A9731D3A218AD36C00CEE849 /* List it Do it */,
			);
		};
/* End PBXProject section */

/* Begin PBXResourcesBuildPhase section */
		A9731D39218AD36C00CEE849 /* Resources */ = {
			isa = PBXResourcesBuildPhase;
			buildActionMask = 2147483647;
			files = (
				A9731D49218AD36E00CEE849 /* LaunchScreen.storyboard in Resources */,
				A9731D46218AD36E00CEE849 /* Assets.xcassets in Resources */,
				A9731D44218AD36C00CEE849 /* Main.storyboard in Resources */,
			);
			runOnlyForDeploymentPostprocessing = 0;
		};
/* End PBXResourcesBuildPhase section */

/* Begin PBXShellScriptBuildPhase section */
		29BCA3708EE6393845496220 /* [CP] Embed Pods Frameworks */ = {
			isa = PBXShellScriptBuildPhase;
			buildActionMask = 2147483647;
			files = (
			);
			inputPaths = (
				"${SRCROOT}/Pods/Target Support Files/Pods-List it Do it/Pods-List it Do it-frameworks.sh",
				"${BUILT_PRODUCTS_DIR}/ChameleonFramework/ChameleonFramework.framework",
				"${BUILT_PRODUCTS_DIR}/Realm/Realm.framework",
				"${BUILT_PRODUCTS_DIR}/RealmSwift/RealmSwift.framework",
				"${BUILT_PRODUCTS_DIR}/SwipeCellKit/SwipeCellKit.framework",
			);
			name = "[CP] Embed Pods Frameworks";
			outputPaths = (
				"${TARGET_BUILD_DIR}/${FRAMEWORKS_FOLDER_PATH}/ChameleonFramework.framework",
				"${TARGET_BUILD_DIR}/${FRAMEWORKS_FOLDER_PATH}/Realm.framework",
				"${TARGET_BUILD_DIR}/${FRAMEWORKS_FOLDER_PATH}/RealmSwift.framework",
				"${TARGET_BUILD_DIR}/${FRAMEWORKS_FOLDER_PATH}/SwipeCellKit.framework",
			);
			runOnlyForDeploymentPostprocessing = 0;
			shellPath = /bin/sh;
			shellScript = "\"${SRCROOT}/Pods/Target Support Files/Pods-List it Do it/Pods-List it Do it-frameworks.sh\"\n";
			showEnvVarsInLog = 0;
		};
		807267482A9045834E6471FE /* [CP] Check Pods Manifest.lock */ = {
			isa = PBXShellScriptBuildPhase;
			buildActionMask = 2147483647;
			files = (
			);
			inputPaths = (
				"${PODS_PODFILE_DIR_PATH}/Podfile.lock",
				"${PODS_ROOT}/Manifest.lock",
			);
			name = "[CP] Check Pods Manifest.lock";
			outputPaths = (
				"$(DERIVED_FILE_DIR)/Pods-List it Do it-checkManifestLockResult.txt",
			);
			runOnlyForDeploymentPostprocessing = 0;
			shellPath = /bin/sh;
			shellScript = "diff \"${PODS_PODFILE_DIR_PATH}/Podfile.lock\" \"${PODS_ROOT}/Manifest.lock\" > /dev/null\nif [ $? != 0 ] ; then\n    # print error to STDERR\n    echo \"error: The sandbox is not in sync with the Podfile.lock. Run 'pod install' or update your CocoaPods installation.\" >&2\n    exit 1\nfi\n# This output is used by Xcode 'outputs' to avoid re-running this script phase.\necho \"SUCCESS\" > \"${SCRIPT_OUTPUT_FILE_0}\"\n";
			showEnvVarsInLog = 0;
		};
/* End PBXShellScriptBuildPhase section */

/* Begin PBXSourcesBuildPhase section */
		A9731D37218AD36C00CEE849 /* Sources */ = {
			isa = PBXSourcesBuildPhase;
			buildActionMask = 2147483647;
			files = (
				A9731D51218AD79000CEE849 /* DoItVC.swift in Sources */,
				A9731D57218AD84A00CEE849 /* ListItVC.swift in Sources */,
				A9731D3F218AD36C00CEE849 /* AppDelegate.swift in Sources */,
			);
			runOnlyForDeploymentPostprocessing = 0;
		};
/* End PBXSourcesBuildPhase section */

/* Begin PBXVariantGroup section */
		A9731D42218AD36C00CEE849 /* Main.storyboard */ = {
			isa = PBXVariantGroup;
			children = (
				A9731D43218AD36C00CEE849 /* Base */,
			);
			name = Main.storyboard;
			sourceTree = "<group>";
		};
		A9731D47218AD36E00CEE849 /* LaunchScreen.storyboard */ = {
			isa = PBXVariantGroup;
			children = (
				A9731D48218AD36E00CEE849 /* Base */,
			);
			name = LaunchScreen.storyboard;
			sourceTree = "<group>";
		};
/* End PBXVariantGroup section */

/* Begin XCBuildConfiguration section */
		A9731D4B218AD36E00CEE849 /* Debug */ = {
			isa = XCBuildConfiguration;
			buildSettings = {
				ALWAYS_SEARCH_USER_PATHS = NO;
				CLANG_ANALYZER_NONNULL = YES;
				CLANG_ANALYZER_NUMBER_OBJECT_CONVERSION = YES_AGGRESSIVE;
				CLANG_CXX_LANGUAGE_STANDARD = "gnu++14";
				CLANG_CXX_LIBRARY = "libc++";
				CLANG_ENABLE_MODULES = YES;
				CLANG_ENABLE_OBJC_ARC = YES;
				CLANG_ENABLE_OBJC_WEAK = YES;
				CLANG_WARN_BLOCK_CAPTURE_AUTORELEASING = YES;
				CLANG_WARN_BOOL_CONVERSION = YES;
				CLANG_WARN_COMMA = YES;
				CLANG_WARN_CONSTANT_CONVERSION = YES;
				CLANG_WARN_DEPRECATED_OBJC_IMPLEMENTATIONS = YES;
				CLANG_WARN_DIRECT_OBJC_ISA_USAGE = YES_ERROR;
				CLANG_WARN_DOCUMENTATION_COMMENTS = YES;
				CLANG_WARN_EMPTY_BODY = YES;
				CLANG_WARN_ENUM_CONVERSION = YES;
				CLANG_WARN_INFINITE_RECURSION = YES;
				CLANG_WARN_INT_CONVERSION = YES;
				CLANG_WARN_NON_LITERAL_NULL_CONVERSION = YES;
				CLANG_WARN_OBJC_IMPLICIT_RETAIN_SELF = YES;
				CLANG_WARN_OBJC_LITERAL_CONVERSION = YES;
				CLANG_WARN_OBJC_ROOT_CLASS = YES_ERROR;
				CLANG_WARN_RANGE_LOOP_ANALYSIS = YES;
				CLANG_WARN_STRICT_PROTOTYPES = YES;
				CLANG_WARN_SUSPICIOUS_MOVE = YES;
				CLANG_WARN_UNGUARDED_AVAILABILITY = YES_AGGRESSIVE;
				CLANG_WARN_UNREACHABLE_CODE = YES;
				CLANG_WARN__DUPLICATE_METHOD_MATCH = YES;
				CODE_SIGN_IDENTITY = "iPhone Developer";
				COPY_PHASE_STRIP = NO;
				DEBUG_INFORMATION_FORMAT = dwarf;
				ENABLE_STRICT_OBJC_MSGSEND = YES;
				ENABLE_TESTABILITY = YES;
				GCC_C_LANGUAGE_STANDARD = gnu11;
				GCC_DYNAMIC_NO_PIC = NO;
				GCC_NO_COMMON_BLOCKS = YES;
				GCC_OPTIMIZATION_LEVEL = 0;
				GCC_PREPROCESSOR_DEFINITIONS = (
					"DEBUG=1",
					"$(inherited)",
				);
				GCC_WARN_64_TO_32_BIT_CONVERSION = YES;
				GCC_WARN_ABOUT_RETURN_TYPE = YES_ERROR;
				GCC_WARN_UNDECLARED_SELECTOR = YES;
				GCC_WARN_UNINITIALIZED_AUTOS = YES_AGGRESSIVE;
				GCC_WARN_UNUSED_FUNCTION = YES;
				GCC_WARN_UNUSED_VARIABLE = YES;
				IPHONEOS_DEPLOYMENT_TARGET = 12.0;
				MTL_ENABLE_DEBUG_INFO = INCLUDE_SOURCE;
				MTL_FAST_MATH = YES;
				ONLY_ACTIVE_ARCH = YES;
				SDKROOT = iphoneos;
				SWIFT_ACTIVE_COMPILATION_CONDITIONS = DEBUG;
				SWIFT_OPTIMIZATION_LEVEL = "-Onone";
			};
			name = Debug;
		};
		A9731D4C218AD36E00CEE849 /* Release */ = {
			isa = XCBuildConfiguration;
			buildSettings = {
				ALWAYS_SEARCH_USER_PATHS = NO;
				CLANG_ANALYZER_NONNULL = YES;
				CLANG_ANALYZER_NUMBER_OBJECT_CONVERSION = YES_AGGRESSIVE;
				CLANG_CXX_LANGUAGE_STANDARD = "gnu++14";
				CLANG_CXX_LIBRARY = "libc++";
				CLANG_ENABLE_MODULES = YES;
				CLANG_ENABLE_OBJC_ARC = YES;
				CLANG_ENABLE_OBJC_WEAK = YES;
				CLANG_WARN_BLOCK_CAPTURE_AUTORELEASING = YES;
				CLANG_WARN_BOOL_CONVERSION = YES;
				CLANG_WARN_COMMA = YES;
				CLANG_WARN_CONSTANT_CONVERSION = YES;
				CLANG_WARN_DEPRECATED_OBJC_IMPLEMENTATIONS = YES;
				CLANG_WARN_DIRECT_OBJC_ISA_USAGE = YES_ERROR;
				CLANG_WARN_DOCUMENTATION_COMMENTS = YES;
				CLANG_WARN_EMPTY_BODY = YES;
				CLANG_WARN_ENUM_CONVERSION = YES;
				CLANG_WARN_INFINITE_RECURSION = YES;
				CLANG_WARN_INT_CONVERSION = YES;
				CLANG_WARN_NON_LITERAL_NULL_CONVERSION = YES;
				CLANG_WARN_OBJC_IMPLICIT_RETAIN_SELF = YES;
				CLANG_WARN_OBJC_LITERAL_CONVERSION = YES;
				CLANG_WARN_OBJC_ROOT_CLASS = YES_ERROR;
				CLANG_WARN_RANGE_LOOP_ANALYSIS = YES;
				CLANG_WARN_STRICT_PROTOTYPES = YES;
				CLANG_WARN_SUSPICIOUS_MOVE = YES;
				CLANG_WARN_UNGUARDED_AVAILABILITY = YES_AGGRESSIVE;
				CLANG_WARN_UNREACHABLE_CODE = YES;
				CLANG_WARN__DUPLICATE_METHOD_MATCH = YES;
				CODE_SIGN_IDENTITY = "iPhone Developer";
				COPY_PHASE_STRIP = NO;
				DEBUG_INFORMATION_FORMAT = "dwarf-with-dsym";
				ENABLE_NS_ASSERTIONS = NO;
				ENABLE_STRICT_OBJC_MSGSEND = YES;
				GCC_C_LANGUAGE_STANDARD = gnu11;
				GCC_NO_COMMON_BLOCKS = YES;
				GCC_WARN_64_TO_32_BIT_CONVERSION = YES;
				GCC_WARN_ABOUT_RETURN_TYPE = YES_ERROR;
				GCC_WARN_UNDECLARED_SELECTOR = YES;
				GCC_WARN_UNINITIALIZED_AUTOS = YES_AGGRESSIVE;
				GCC_WARN_UNUSED_FUNCTION = YES;
				GCC_WARN_UNUSED_VARIABLE = YES;
				IPHONEOS_DEPLOYMENT_TARGET = 12.0;
				MTL_ENABLE_DEBUG_INFO = NO;
				MTL_FAST_MATH = YES;
				SDKROOT = iphoneos;
				SWIFT_COMPILATION_MODE = wholemodule;
				SWIFT_OPTIMIZATION_LEVEL = "-O";
				VALIDATE_PRODUCT = YES;
			};
			name = Release;
		};
		A9731D4E218AD36E00CEE849 /* Debug */ = {
			isa = XCBuildConfiguration;
			baseConfigurationReference = D46F2524633FA0DED3CC2C37 /* Pods-List it Do it.debug.xcconfig */;
			buildSettings = {
				ASSETCATALOG_COMPILER_APPICON_NAME = AppIcon;
				CODE_SIGN_STYLE = Automatic;
				DEVELOPMENT_TEAM = FRYH2X2EU5;
				INFOPLIST_FILE = "List it Do it/Info.plist";
				LD_RUNPATH_SEARCH_PATHS = (
					"$(inherited)",
					"@executable_path/Frameworks",
				);
				PRODUCT_BUNDLE_IDENTIFIER = "com.OsAppsMobile.List-it-Do-it";
				PRODUCT_NAME = "$(TARGET_NAME)";
				SWIFT_VERSION = 4.2;
				TARGETED_DEVICE_FAMILY = "1,2";
			};
			name = Debug;
		};
		A9731D4F218AD36E00CEE849 /* Release */ = {
			isa = XCBuildConfiguration;
			baseConfigurationReference = 1070BB87126789B81C26902F /* Pods-List it Do it.release.xcconfig */;
			buildSettings = {
				ASSETCATALOG_COMPILER_APPICON_NAME = AppIcon;
				CODE_SIGN_STYLE = Automatic;
				DEVELOPMENT_TEAM = FRYH2X2EU5;
				INFOPLIST_FILE = "List it Do it/Info.plist";
				LD_RUNPATH_SEARCH_PATHS = (
					"$(inherited)",
					"@executable_path/Frameworks",
				);
				PRODUCT_BUNDLE_IDENTIFIER = "com.OsAppsMobile.List-it-Do-it";
				PRODUCT_NAME = "$(TARGET_NAME)";
				SWIFT_VERSION = 4.2;
				TARGETED_DEVICE_FAMILY = "1,2";
			};
			name = Release;
		};
/* End XCBuildConfiguration section */

/* Begin XCConfigurationList section */
		A9731D36218AD36C00CEE849 /* Build configuration list for PBXProject "List it Do it" */ = {
			isa = XCConfigurationList;
			buildConfigurations = (
				A9731D4B218AD36E00CEE849 /* Debug */,
				A9731D4C218AD36E00CEE849 /* Release */,
			);
			defaultConfigurationIsVisible = 0;
			defaultConfigurationName = Release;
		};
		A9731D4D218AD36E00CEE849 /* Build configuration list for PBXNativeTarget "List it Do it" */ = {
			isa = XCConfigurationList;
			buildConfigurations = (
				A9731D4E218AD36E00CEE849 /* Debug */,
				A9731D4F218AD36E00CEE849 /* Release */,
			);
			defaultConfigurationIsVisible = 0;
			defaultConfigurationName = Release;
		};
/* End XCConfigurationList section */
	};
	rootObject = A9731D33218AD36C00CEE849 /* Project object */;
}
